
Microsoft Visual Studio Solution File, Format Version 11.00
# Visual Studio 2010
Project("{F184B08F-C81C-45F6-A57F-5ABD9991F28F}") = "WindowsApplication3", "WindowsApplication3\WindowsApplication3.vbproj", "{2F2FC66A-F871-4293-BCAA-B90E2CC812DF}"
EndProject
Global
	GlobalSection(SolutionConfigurationPlatforms) = preSolution
		Debug|x86 = Debug|x86
		Release|x86 = Release|x86
	EndGlobalSection
	GlobalSection(ProjectConfigurationPlatforms) = postSolution
		{2F2FC66A-F871-4293-BCAA-B90E2CC812DF}.Debug|x86.ActiveCfg = Debug|x86
		{2F2FC66A-F871-4293-BCAA-B90E2CC812DF}.Debug|x86.Build.0 = Debug|x86
		{2F2FC66A-F871-4293-BCAA-B90E2CC812DF}.Release|x86.ActiveCfg = Release|x86
		{2F2FC66A-F871-4293-BCAA-B90E2CC812DF}.Release|x86.Build.0 = Release|x86
	EndGlobalSection
	GlobalSection(SolutionProperties) = preSolution
		HideSolutionNode = FALSE
	EndGlobalSection
EndGlobal
